# This file is automatically @generated by Cargo.
# It is not intended for manual editing.
version = 3

[[package]]
name = "gabbro-check"
version = "0.0.1"
dependencies = [
 "gabbro-syntax",
]

[[package]]
name = "gabbro-cli"
version = "0.0.1"
dependencies = [
 "gabbro-check",
 "gabbro-syntax",
]

[[package]]
name = "gabbro-syntax"
version = "0.0.1"
